{
  "originHash" : "229a09bb6d44c64be46f5fe39a7296eed19f631fbdda7aa5a22a4431cca37b10",
  "pins" : [
    {
      "identity" : "swift-syntax",
      "kind" : "remoteSourceControl",
      "location" : "https://github.com/apple/swift-syntax.git",
      "state" : {
        "revision" : "0dff260d3d1bb99c382d8dfcd6bb093e5e9cbd36",
        "version" : "602.0.0-prerelease-2025-05-29"
      }
    }
  ],
  "version" : 3
}
